{
  "name": "email-fe",
  "version": "0.1.0",
  "lockfileVersion": 1,
  "requires": true,
  "dependencies": {
    "primereact": {
      "version": "5.0.1",
      "resolved": "https://registry.npmjs.org/primereact/-/primereact-5.0.1.tgz",
      "integrity": "sha512-sBEx0KiS2PaSIT10Y9+3/frKbH4VKDk8fJch/kLoKMdPH+X6smKEj4BYzjjPYDi3W3bMpWIX6ANAzOL8ibvg8w=="
    }
  }
}
